
Microsoft Visual Studio Solution File, Format Version 12.00
# Visual Studio 15
VisualStudioVersion = 15.0.26730.3
MinimumVisualStudioVersion = 10.0.40219.1
Project("{9A19103F-16F7-4668-BE54-9A1E7A4F7556}") = "FiSH", "FiSH\FiSH.csproj", "{4A66AC7E-46C4-4B49-AA60-094ADC958777}"
EndProject
Project("{9A19103F-16F7-4668-BE54-9A1E7A4F7556}") = "Blowfish", "Blowfish\Blowfish.csproj", "{30B856E5-B5D7-4B6B-9AA3-2A23B2BCFA42}"
EndProject
Project("{9A19103F-16F7-4668-BE54-9A1E7A4F7556}") = "FiSHTests", "FiSHTests\FiSHTests.csproj", "{242B97BC-2A92-4CA9-9CC2-52F54B6A5D66}"
EndProject
Project("{FAE04EC0-301F-11D3-BF4B-00C04F79EFBC}") = "KeyExchange", "KeyExchange\KeyExchange.csproj", "{10D77CD0-7751-4D57-868B-BDAB211C92AA}"
EndProject
Global
	GlobalSection(SolutionConfigurationPlatforms) = preSolution
		Debug|Any CPU = Debug|Any CPU
		Release|Any CPU = Release|Any CPU
	EndGlobalSection
	GlobalSection(ProjectConfigurationPlatforms) = postSolution
		{4A66AC7E-46C4-4B49-AA60-094ADC958777}.Debug|Any CPU.ActiveCfg = Debug|Any CPU
		{4A66AC7E-46C4-4B49-AA60-094ADC958777}.Debug|Any CPU.Build.0 = Debug|Any CPU
		{4A66AC7E-46C4-4B49-AA60-094ADC958777}.Release|Any CPU.ActiveCfg = Release|Any CPU
		{4A66AC7E-46C4-4B49-AA60-094ADC958777}.Release|Any CPU.Build.0 = Release|Any CPU
		{30B856E5-B5D7-4B6B-9AA3-2A23B2BCFA42}.Debug|Any CPU.ActiveCfg = Debug|Any CPU
		{30B856E5-B5D7-4B6B-9AA3-2A23B2BCFA42}.Debug|Any CPU.Build.0 = Debug|Any CPU
		{30B856E5-B5D7-4B6B-9AA3-2A23B2BCFA42}.Release|Any CPU.ActiveCfg = Release|Any CPU
		{30B856E5-B5D7-4B6B-9AA3-2A23B2BCFA42}.Release|Any CPU.Build.0 = Release|Any CPU
		{242B97BC-2A92-4CA9-9CC2-52F54B6A5D66}.Debug|Any CPU.ActiveCfg = Debug|Any CPU
		{242B97BC-2A92-4CA9-9CC2-52F54B6A5D66}.Debug|Any CPU.Build.0 = Debug|Any CPU
		{242B97BC-2A92-4CA9-9CC2-52F54B6A5D66}.Release|Any CPU.ActiveCfg = Release|Any CPU
		{242B97BC-2A92-4CA9-9CC2-52F54B6A5D66}.Release|Any CPU.Build.0 = Release|Any CPU
		{10D77CD0-7751-4D57-868B-BDAB211C92AA}.Debug|Any CPU.ActiveCfg = Debug|Any CPU
		{10D77CD0-7751-4D57-868B-BDAB211C92AA}.Debug|Any CPU.Build.0 = Debug|Any CPU
		{10D77CD0-7751-4D57-868B-BDAB211C92AA}.Release|Any CPU.ActiveCfg = Release|Any CPU
		{10D77CD0-7751-4D57-868B-BDAB211C92AA}.Release|Any CPU.Build.0 = Release|Any CPU
	EndGlobalSection
	GlobalSection(SolutionProperties) = preSolution
		HideSolutionNode = FALSE
	EndGlobalSection
	GlobalSection(ExtensibilityGlobals) = postSolution
		SolutionGuid = {1ACAE97D-FE0E-4675-815B-E25709E15BBF}
	EndGlobalSection
EndGlobal
